
Microsoft Visual Studio Solution File, Format Version 12.00
# Visual Studio Version 16
VisualStudioVersion = 16.0.30309.148
MinimumVisualStudioVersion = 10.0.40219.1
Project("{FAE04EC0-301F-11D3-BF4B-00C04F79EFBC}") = "WindowsFormsApp18", "WindowsFormsApp18.csproj", "{9E06B7A0-D2E9-40B3-826D-2048C8C74BFD}"
EndProject
Global
	GlobalSection(SolutionConfigurationPlatforms) = preSolution
		Debug|Any CPU = Debug|Any CPU
		Release|Any CPU = Release|Any CPU
	EndGlobalSection
	GlobalSection(ProjectConfigurationPlatforms) = postSolution
		{9E06B7A0-D2E9-40B3-826D-2048C8C74BFD}.Debug|Any CPU.ActiveCfg = Debug|Any CPU
		{9E06B7A0-D2E9-40B3-826D-2048C8C74BFD}.Debug|Any CPU.Build.0 = Debug|Any CPU
		{9E06B7A0-D2E9-40B3-826D-2048C8C74BFD}.Release|Any CPU.ActiveCfg = Release|Any CPU
		{9E06B7A0-D2E9-40B3-826D-2048C8C74BFD}.Release|Any CPU.Build.0 = Release|Any CPU
	EndGlobalSection
	GlobalSection(SolutionProperties) = preSolution
		HideSolutionNode = FALSE
	EndGlobalSection
	GlobalSection(ExtensibilityGlobals) = postSolution
		SolutionGuid = {E9C36C99-5445-4572-8483-AAC97CEB25D3}
	EndGlobalSection
EndGlobal
